
Microsoft Visual Studio Solution File, Format Version 12.00
# Visual Studio Version 17
VisualStudioVersion = 17.13.35620.69 main
MinimumVisualStudioVersion = 10.0.40219.1
Project("{FAE04EC0-301F-11D3-BF4B-00C04F79EFBC}") = "MauiApp1", "MauiApp1.csproj", "{DA522FEF-B793-4E37-AC4E-19763DB07561}"
EndProject
Project("{FAE04EC0-301F-11D3-BF4B-00C04F79EFBC}") = "MauiClassLib", "..\MauiClassLib\MauiClassLib.csproj", "{09D01D7D-AADD-4396-B0FB-13CC11656C10}"
EndProject
Global
	GlobalSection(SolutionConfigurationPlatforms) = preSolution
		Debug|Any CPU = Debug|Any CPU
		Release|Any CPU = Release|Any CPU
	EndGlobalSection
	GlobalSection(ProjectConfigurationPlatforms) = postSolution
		{DA522FEF-B793-4E37-AC4E-19763DB07561}.Debug|Any CPU.ActiveCfg = Debug|Any CPU
		{DA522FEF-B793-4E37-AC4E-19763DB07561}.Debug|Any CPU.Build.0 = Debug|Any CPU
		{DA522FEF-B793-4E37-AC4E-19763DB07561}.Debug|Any CPU.Deploy.0 = Debug|Any CPU
		{DA522FEF-B793-4E37-AC4E-19763DB07561}.Release|Any CPU.ActiveCfg = Release|Any CPU
		{DA522FEF-B793-4E37-AC4E-19763DB07561}.Release|Any CPU.Build.0 = Release|Any CPU
		{09D01D7D-AADD-4396-B0FB-13CC11656C10}.Debug|Any CPU.ActiveCfg = Debug|Any CPU
		{09D01D7D-AADD-4396-B0FB-13CC11656C10}.Debug|Any CPU.Build.0 = Debug|Any CPU
		{09D01D7D-AADD-4396-B0FB-13CC11656C10}.Release|Any CPU.ActiveCfg = Release|Any CPU
		{09D01D7D-AADD-4396-B0FB-13CC11656C10}.Release|Any CPU.Build.0 = Release|Any CPU
	EndGlobalSection
	GlobalSection(SolutionProperties) = preSolution
		HideSolutionNode = FALSE
	EndGlobalSection
	GlobalSection(ExtensibilityGlobals) = postSolution
		SolutionGuid = {9DE0628D-373F-40B7-ADE7-BFCE1AB7D537}
	EndGlobalSection
EndGlobal
